
Microsoft Visual Studio Solution File, Format Version 12.00
# Visual Studio 15
VisualStudioVersion = 15.0.26730.10
MinimumVisualStudioVersion = 10.0.40219.1
Project("{FAE04EC0-301F-11D3-BF4B-00C04F79EFBC}") = "BigSqlRunner.Library", "BigSqlRunner.Library\BigSqlRunner.Library.csproj", "{DECDAB71-15C9-4DBE-B96D-13AFA5BD49C1}"
EndProject
Project("{FAE04EC0-301F-11D3-BF4B-00C04F79EFBC}") = "BigSqlRunner.WPF", "BigSqlRunner.WPF\BigSqlRunner.WPF.csproj", "{1297072D-25E7-4162-ABF4-D1F5945CA38E}"
EndProject
Global
	GlobalSection(SolutionConfigurationPlatforms) = preSolution
		Debug|Any CPU = Debug|Any CPU
		Release|Any CPU = Release|Any CPU
	EndGlobalSection
	GlobalSection(ProjectConfigurationPlatforms) = postSolution
		{DECDAB71-15C9-4DBE-B96D-13AFA5BD49C1}.Debug|Any CPU.ActiveCfg = Debug|Any CPU
		{DECDAB71-15C9-4DBE-B96D-13AFA5BD49C1}.Debug|Any CPU.Build.0 = Debug|Any CPU
		{DECDAB71-15C9-4DBE-B96D-13AFA5BD49C1}.Release|Any CPU.ActiveCfg = Release|Any CPU
		{DECDAB71-15C9-4DBE-B96D-13AFA5BD49C1}.Release|Any CPU.Build.0 = Release|Any CPU
		{1297072D-25E7-4162-ABF4-D1F5945CA38E}.Debug|Any CPU.ActiveCfg = Debug|Any CPU
		{1297072D-25E7-4162-ABF4-D1F5945CA38E}.Debug|Any CPU.Build.0 = Debug|Any CPU
		{1297072D-25E7-4162-ABF4-D1F5945CA38E}.Release|Any CPU.ActiveCfg = Release|Any CPU
		{1297072D-25E7-4162-ABF4-D1F5945CA38E}.Release|Any CPU.Build.0 = Release|Any CPU
	EndGlobalSection
	GlobalSection(SolutionProperties) = preSolution
		HideSolutionNode = FALSE
	EndGlobalSection
	GlobalSection(ExtensibilityGlobals) = postSolution
		SolutionGuid = {82D8D4FC-2DA4-400A-8144-65CE121B9728}
	EndGlobalSection
EndGlobal
